
Microsoft Visual Studio Solution File, Format Version 12.00
# Visual Studio 15
VisualStudioVersion = 15.0.27703.2035
MinimumVisualStudioVersion = 10.0.40219.1
Project("{FAE04EC0-301F-11D3-BF4B-00C04F79EFBC}") = "svc_global_cache", "svc_global_cache\svc_global_cache.csproj", "{10301062-4C3B-48DA-9A68-39BB10D4874C}"
EndProject
Global
	GlobalSection(SolutionConfigurationPlatforms) = preSolution
		Debug|Any CPU = Debug|Any CPU
		Release|Any CPU = Release|Any CPU
	EndGlobalSection
	GlobalSection(ProjectConfigurationPlatforms) = postSolution
		{10301062-4C3B-48DA-9A68-39BB10D4874C}.Debug|Any CPU.ActiveCfg = Debug|Any CPU
		{10301062-4C3B-48DA-9A68-39BB10D4874C}.Debug|Any CPU.Build.0 = Debug|Any CPU
		{10301062-4C3B-48DA-9A68-39BB10D4874C}.Release|Any CPU.ActiveCfg = Release|Any CPU
		{10301062-4C3B-48DA-9A68-39BB10D4874C}.Release|Any CPU.Build.0 = Release|Any CPU
	EndGlobalSection
	GlobalSection(SolutionProperties) = preSolution
		HideSolutionNode = FALSE
	EndGlobalSection
	GlobalSection(ExtensibilityGlobals) = postSolution
		SolutionGuid = {A437BFB7-7107-43DA-AB1A-E8044EACD7AB}
	EndGlobalSection
	GlobalSection(TeamFoundationVersionControl) = preSolution
		SccNumberOfProjects = 2
		SccEnterpriseProvider = {4CA58AB2-18FA-4F8D-95D4-32DDF27D184C}
		SccTeamFoundationServer = http://hqdtfs01:8080/tfs/eservices
		SccLocalPath0 = .
		SccProjectUniqueName1 = svc_global_cache\\svc_global_cache.csproj
		SccProjectName1 = svc_global_cache
		SccLocalPath1 = svc_global_cache
	EndGlobalSection
EndGlobal
